// !$*UTF8*$!
{
	archiveVersion = 1;
	classes = {
	};
	objectVersion = 77;
	objects = {

/* Begin PBXContainerItemProxy section */
		0F29793E2D7B66A5005DAD40 /* PBXContainerItemProxy */ = {
			isa = PBXContainerItemProxy;
			containerPortal = 0F2979252D7B66A4005DAD40 /* Project object */;
			proxyType = 1;
			remoteGlobalIDString = 0F29792C2D7B66A4005DAD40;
			remoteInfo = FetchRecipeDemo;
		};
		0F2979482D7B66A5005DAD40 /* PBXContainerItemProxy */ = {
			isa = PBXContainerItemProxy;
			containerPortal = 0F2979252D7B66A4005DAD40 /* Project object */;
			proxyType = 1;
			remoteGlobalIDString = 0F29792C2D7B66A4005DAD40;
			remoteInfo = FetchRecipeDemo;
		};
/* End PBXContainerItemProxy section */

/* Begin PBXFileReference section */
		0F29792D2D7B66A4005DAD40 /* FetchRecipeDemo.app */ = {isa = PBXFileReference; explicitFileType = wrapper.application; includeInIndex = 0; path = FetchRecipeDemo.app; sourceTree = BUILT_PRODUCTS_DIR; };
		0F29793D2D7B66A5005DAD40 /* FetchRecipeDemoTests.xctest */ = {isa = PBXFileReference; explicitFileType = wrapper.cfbundle; includeInIndex = 0; path = FetchRecipeDemoTests.xctest; sourceTree = BUILT_PRODUCTS_DIR; };
		0F2979472D7B66A5005DAD40 /* FetchRecipeDemoUITests.xctest */ = {isa = PBXFileReference; explicitFileType = wrapper.cfbundle; includeInIndex = 0; path = FetchRecipeDemoUITests.xctest; sourceTree = BUILT_PRODUCTS_DIR; };
/* End PBXFileReference section */

/* Begin PBXFileSystemSynchronizedRootGroup section */
		0F29792F2D7B66A4005DAD40 /* FetchRecipeDemo */ = {
			isa = PBXFileSystemSynchronizedRootGroup;
			path = FetchRecipeDemo;
			sourceTree = "<group>";
		};
		0F2979402D7B66A5005DAD40 /* FetchRecipeDemoTests */ = {
			isa = PBXFileSystemSynchronizedRootGroup;
			path = FetchRecipeDemoTests;
			sourceTree = "<group>";
		};
/* End PBXFileSystemSynchronizedRootGroup section */

/* Begin PBXFrameworksBuildPhase section */
		0F29792A2D7B66A4005DAD40 /* Frameworks */ = {
			isa = PBXFrameworksBuildPhase;
			buildActionMask = 2147483647;
			files = (
			);
			runOnlyForDeploymentPostprocessing = 0;
		};
		0F29793A2D7B66A5005DAD40 /* Frameworks */ = {
			isa = PBXFrameworksBuildPhase;
			buildActionMask = 2147483647;
			files = (
			);
			runOnlyForDeploymentPostprocessing = 0;
		};
		0F2979442D7B66A5005DAD40 /* Frameworks */ = {
			isa = PBXFrameworksBuildPhase;
			buildActionMask = 2147483647;
			files = (
			);
			runOnlyForDeploymentPostprocessing = 0;
		};
/* End PBXFrameworksBuildPhase section */

/* Begin PBXGroup section */
		0F2979242D7B66A4005DAD40 = {
			isa = PBXGroup;
			children = (
				0F29792F2D7B66A4005DAD40 /* FetchRecipeDemo */,
				0F2979402D7B66A5005DAD40 /* FetchRecipeDemoTests */,
				0F29792E2D7B66A4005DAD40 /* Products */,
			);
			sourceTree = "<group>";
		};
		0F29792E2D7B66A4005DAD40 /* Products */ = {
			isa = PBXGroup;
			children = (
				0F29792D2D7B66A4005DAD40 /* FetchRecipeDemo.app */,
				0F29793D2D7B66A5005DAD40 /* FetchRecipeDemoTests.xctest */,
				0F2979472D7B66A5005DAD40 /* FetchRecipeDemoUITests.xctest */,
			);
			name = Products;
			sourceTree = "<group>";
		};
/* End PBXGroup section */

/* Begin PBXNativeTarget section */
		0F29792C2D7B66A4005DAD40 /* FetchRecipeDemo */ = {
			isa = PBXNativeTarget;
			buildConfigurationList = 0F2979512D7B66A5005DAD40 /* Build configuration list for PBXNativeTarget "FetchRecipeDemo" */;
			buildPhases = (
				0F2979292D7B66A4005DAD40 /* Sources */,
				0F29792A2D7B66A4005DAD40 /* Frameworks */,
				0F29792B2D7B66A4005DAD40 /* Resources */,
			);
			buildRules = (
			);
			dependencies = (
			);
			fileSystemSynchronizedGroups = (
				0F29792F2D7B66A4005DAD40 /* FetchRecipeDemo */,
			);
			name = FetchRecipeDemo;
			packageProductDependencies = (
			);
			productName = FetchRecipeDemo;
			productReference = 0F29792D2D7B66A4005DAD40 /* FetchRecipeDemo.app */;
			productType = "com.apple.product-type.application";
		};
		0F29793C2D7B66A5005DAD40 /* FetchRecipeDemoTests */ = {
			isa = PBXNativeTarget;
			buildConfigurationList = 0F2979542D7B66A5005DAD40 /* Build configuration list for PBXNativeTarget "FetchRecipeDemoTests" */;
			buildPhases = (
				0F2979392D7B66A5005DAD40 /* Sources */,
				0F29793A2D7B66A5005DAD40 /* Frameworks */,
				0F29793B2D7B66A5005DAD40 /* Resources */,
			);
			buildRules = (
			);
			dependencies = (
				0F29793F2D7B66A5005DAD40 /* PBXTargetDependency */,
			);
			fileSystemSynchronizedGroups = (
				0F2979402D7B66A5005DAD40 /* FetchRecipeDemoTests */,
			);
			name = FetchRecipeDemoTests;
			packageProductDependencies = (
			);
			productName = FetchRecipeDemoTests;
			productReference = 0F29793D2D7B66A5005DAD40 /* FetchRecipeDemoTests.xctest */;
			productType = "com.apple.product-type.bundle.unit-test";
		};
		0F2979462D7B66A5005DAD40 /* FetchRecipeDemoUITests */ = {
			isa = PBXNativeTarget;
			buildConfigurationList = 0F2979572D7B66A5005DAD40 /* Build configuration list for PBXNativeTarget "FetchRecipeDemoUITests" */;
			buildPhases = (
				0F2979432D7B66A5005DAD40 /* Sources */,
				0F2979442D7B66A5005DAD40 /* Frameworks */,
				0F2979452D7B66A5005DAD40 /* Resources */,
			);
			buildRules = (
			);
			dependencies = (
				0F2979492D7B66A5005DAD40 /* PBXTargetDependency */,
			);
			name = FetchRecipeDemoUITests;
			packageProductDependencies = (
			);
			productName = FetchRecipeDemoUITests;
			productReference = 0F2979472D7B66A5005DAD40 /* FetchRecipeDemoUITests.xctest */;
			productType = "com.apple.product-type.bundle.ui-testing";
		};
/* End PBXNativeTarget section */

/* Begin PBXProject section */
		0F2979252D7B66A4005DAD40 /* Project object */ = {
			isa = PBXProject;
			attributes = {
				BuildIndependentTargetsInParallel = 1;
				LastSwiftUpdateCheck = 1620;
				LastUpgradeCheck = 1620;
				TargetAttributes = {
					0F29792C2D7B66A4005DAD40 = {
						CreatedOnToolsVersion = 16.2;
					};
					0F29793C2D7B66A5005DAD40 = {
						CreatedOnToolsVersion = 16.2;
						TestTargetID = 0F29792C2D7B66A4005DAD40;
					};
					0F2979462D7B66A5005DAD40 = {
						CreatedOnToolsVersion = 16.2;
						TestTargetID = 0F29792C2D7B66A4005DAD40;
					};
				};
			};
			buildConfigurationList = 0F2979282D7B66A4005DAD40 /* Build configuration list for PBXProject "FetchRecipeDemo" */;
			developmentRegion = en;
			hasScannedForEncodings = 0;
			knownRegions = (
				en,
				Base,
			);
			mainGroup = 0F2979242D7B66A4005DAD40;
			minimizedProjectReferenceProxies = 1;
			preferredProjectObjectVersion = 77;
			productRefGroup = 0F29792E2D7B66A4005DAD40 /* Products */;
			projectDirPath = "";
			projectRoot = "";
			targets = (
				0F29792C2D7B66A4005DAD40 /* FetchRecipeDemo */,
				0F29793C2D7B66A5005DAD40 /* FetchRecipeDemoTests */,
				0F2979462D7B66A5005DAD40 /* FetchRecipeDemoUITests */,
			);
		};
/* End PBXProject section */

/* Begin PBXResourcesBuildPhase section */
		0F29792B2D7B66A4005DAD40 /* Resources */ = {
			isa = PBXResourcesBuildPhase;
			buildActionMask = 2147483647;
			files = (
			);
			runOnlyForDeploymentPostprocessing = 0;
		};
		0F29793B2D7B66A5005DAD40 /* Resources */ = {
			isa = PBXResourcesBuildPhase;
			buildActionMask = 2147483647;
			files = (
			);
			runOnlyForDeploymentPostprocessing = 0;
		};
		0F2979452D7B66A5005DAD40 /* Resources */ = {
			isa = PBXResourcesBuildPhase;
			buildActionMask = 2147483647;
			files = (
			);
			runOnlyForDeploymentPostprocessing = 0;
		};
/* End PBXResourcesBuildPhase section */

/* Begin PBXSourcesBuildPhase section */
		0F2979292D7B66A4005DAD40 /* Sources */ = {
			isa = PBXSourcesBuildPhase;
			buildActionMask = 2147483647;
			files = (
			);
			runOnlyForDeploymentPostprocessing = 0;
		};
		0F2979392D7B66A5005DAD40 /* Sources */ = {
			isa = PBXSourcesBuildPhase;
			buildActionMask = 2147483647;
			files = (
			);
			runOnlyForDeploymentPostprocessing = 0;
		};
		0F2979432D7B66A5005DAD40 /* Sources */ = {
			isa = PBXSourcesBuildPhase;
			buildActionMask = 2147483647;
			files = (
			);
			runOnlyForDeploymentPostprocessing = 0;
		};
/* End PBXSourcesBuildPhase section */

/* Begin PBXTargetDependency section */
		0F29793F2D7B66A5005DAD40 /* PBXTargetDependency */ = {
			isa = PBXTargetDependency;
			target = 0F29792C2D7B66A4005DAD40 /* FetchRecipeDemo */;
			targetProxy = 0F29793E2D7B66A5005DAD40 /* PBXContainerItemProxy */;
		};
		0F2979492D7B66A5005DAD40 /* PBXTargetDependency */ = {
			isa = PBXTargetDependency;
			target = 0F29792C2D7B66A4005DAD40 /* FetchRecipeDemo */;
			targetProxy = 0F2979482D7B66A5005DAD40 /* PBXContainerItemProxy */;
		};
/* End PBXTargetDependency section */

/* Begin XCBuildConfiguration section */
		0F29794F2D7B66A5005DAD40 /* Debug */ = {
			isa = XCBuildConfiguration;
			buildSettings = {
				ALWAYS_SEARCH_USER_PATHS = NO;
				ASSETCATALOG_COMPILER_GENERATE_SWIFT_ASSET_SYMBOL_EXTENSIONS = YES;
				CLANG_ANALYZER_NONNULL = YES;
				CLANG_ANALYZER_NUMBER_OBJECT_CONVERSION = YES_AGGRESSIVE;
				CLANG_CXX_LANGUAGE_STANDARD = "gnu++20";
				CLANG_ENABLE_MODULES = YES;
				CLANG_ENABLE_OBJC_ARC = YES;
				CLANG_ENABLE_OBJC_WEAK = YES;
				CLANG_WARN_BLOCK_CAPTURE_AUTORELEASING = YES;
				CLANG_WARN_BOOL_CONVERSION = YES;
				CLANG_WARN_COMMA = YES;
				CLANG_WARN_CONSTANT_CONVERSION = YES;
				CLANG_WARN_DEPRECATED_OBJC_IMPLEMENTATIONS = YES;
				CLANG_WARN_DIRECT_OBJC_ISA_USAGE = YES_ERROR;
				CLANG_WARN_DOCUMENTATION_COMMENTS = YES;
				CLANG_WARN_EMPTY_BODY = YES;
				CLANG_WARN_ENUM_CONVERSION = YES;
				CLANG_WARN_INFINITE_RECURSION = YES;
				CLANG_WARN_INT_CONVERSION = YES;
				CLANG_WARN_NON_LITERAL_NULL_CONVERSION = YES;
				CLANG_WARN_OBJC_IMPLICIT_RETAIN_SELF = YES;
				CLANG_WARN_OBJC_LITERAL_CONVERSION = YES;
				CLANG_WARN_OBJC_ROOT_CLASS = YES_ERROR;
				CLANG_WARN_QUOTED_INCLUDE_IN_FRAMEWORK_HEADER = YES;
				CLANG_WARN_RANGE_LOOP_ANALYSIS = YES;
				CLANG_WARN_STRICT_PROTOTYPES = YES;
				CLANG_WARN_SUSPICIOUS_MOVE = YES;
				CLANG_WARN_UNGUARDED_AVAILABILITY = YES_AGGRESSIVE;
				CLANG_WARN_UNREACHABLE_CODE = YES;
				CLANG_WARN__DUPLICATE_METHOD_MATCH = YES;
				COPY_PHASE_STRIP = NO;
				DEBUG_INFORMATION_FORMAT = dwarf;
				ENABLE_STRICT_OBJC_MSGSEND = YES;
				ENABLE_TESTABILITY = YES;
				ENABLE_USER_SCRIPT_SANDBOXING = YES;
				GCC_C_LANGUAGE_STANDARD = gnu17;
				GCC_DYNAMIC_NO_PIC = NO;
				GCC_NO_COMMON_BLOCKS = YES;
				GCC_OPTIMIZATION_LEVEL = 0;
				GCC_PREPROCESSOR_DEFINITIONS = (
					"DEBUG=1",
					"$(inherited)",
				);
				GCC_WARN_64_TO_32_BIT_CONVERSION = YES;
				GCC_WARN_ABOUT_RETURN_TYPE = YES_ERROR;
				GCC_WARN_UNDECLARED_SELECTOR = YES;
				GCC_WARN_UNINITIALIZED_AUTOS = YES_AGGRESSIVE;
				GCC_WARN_UNUSED_FUNCTION = YES;
				GCC_WARN_UNUSED_VARIABLE = YES;
				IPHONEOS_DEPLOYMENT_TARGET = 18.2;
				LOCALIZATION_PREFERS_STRING_CATALOGS = YES;
				MTL_ENABLE_DEBUG_INFO = INCLUDE_SOURCE;
				MTL_FAST_MATH = YES;
				ONLY_ACTIVE_ARCH = YES;
				SDKROOT = iphoneos;
				SWIFT_ACTIVE_COMPILATION_CONDITIONS = "DEBUG $(inherited)";
				SWIFT_OPTIMIZATION_LEVEL = "-Onone";
			};
			name = Debug;
		};
		0F2979502D7B66A5005DAD40 /* Release */ = {
			isa = XCBuildConfiguration;
			buildSettings = {
				ALWAYS_SEARCH_USER_PATHS = NO;
				ASSETCATALOG_COMPILER_GENERATE_SWIFT_ASSET_SYMBOL_EXTENSIONS = YES;
				CLANG_ANALYZER_NONNULL = YES;
				CLANG_ANALYZER_NUMBER_OBJECT_CONVERSION = YES_AGGRESSIVE;
				CLANG_CXX_LANGUAGE_STANDARD = "gnu++20";
				CLANG_ENABLE_MODULES = YES;
				CLANG_ENABLE_OBJC_ARC = YES;
				CLANG_ENABLE_OBJC_WEAK = YES;
				CLANG_WARN_BLOCK_CAPTURE_AUTORELEASING = YES;
				CLANG_WARN_BOOL_CONVERSION = YES;
				CLANG_WARN_COMMA = YES;
				CLANG_WARN_CONSTANT_CONVERSION = YES;
				CLANG_WARN_DEPRECATED_OBJC_IMPLEMENTATIONS = YES;
				CLANG_WARN_DIRECT_OBJC_ISA_USAGE = YES_ERROR;
				CLANG_WARN_DOCUMENTATION_COMMENTS = YES;
				CLANG_WARN_EMPTY_BODY = YES;
				CLANG_WARN_ENUM_CONVERSION = YES;
				CLANG_WARN_INFINITE_RECURSION = YES;
				CLANG_WARN_INT_CONVERSION = YES;
				CLANG_WARN_NON_LITERAL_NULL_CONVERSION = YES;
				CLANG_WARN_OBJC_IMPLICIT_RETAIN_SELF = YES;
				CLANG_WARN_OBJC_LITERAL_CONVERSION = YES;
				CLANG_WARN_OBJC_ROOT_CLASS = YES_ERROR;
				CLANG_WARN_QUOTED_INCLUDE_IN_FRAMEWORK_HEADER = YES;
				CLANG_WARN_RANGE_LOOP_ANALYSIS = YES;
				CLANG_WARN_STRICT_PROTOTYPES = YES;
				CLANG_WARN_SUSPICIOUS_MOVE = YES;
				CLANG_WARN_UNGUARDED_AVAILABILITY = YES_AGGRESSIVE;
				CLANG_WARN_UNREACHABLE_CODE = YES;
				CLANG_WARN__DUPLICATE_METHOD_MATCH = YES;
				COPY_PHASE_STRIP = NO;
				DEBUG_INFORMATION_FORMAT = "dwarf-with-dsym";
				ENABLE_NS_ASSERTIONS = NO;
				ENABLE_STRICT_OBJC_MSGSEND = YES;
				ENABLE_USER_SCRIPT_SANDBOXING = YES;
				GCC_C_LANGUAGE_STANDARD = gnu17;
				GCC_NO_COMMON_BLOCKS = YES;
				GCC_WARN_64_TO_32_BIT_CONVERSION = YES;
				GCC_WARN_ABOUT_RETURN_TYPE = YES_ERROR;
				GCC_WARN_UNDECLARED_SELECTOR = YES;
				GCC_WARN_UNINITIALIZED_AUTOS = YES_AGGRESSIVE;
				GCC_WARN_UNUSED_FUNCTION = YES;
				GCC_WARN_UNUSED_VARIABLE = YES;
				IPHONEOS_DEPLOYMENT_TARGET = 18.2;
				LOCALIZATION_PREFERS_STRING_CATALOGS = YES;
				MTL_ENABLE_DEBUG_INFO = NO;
				MTL_FAST_MATH = YES;
				SDKROOT = iphoneos;
				SWIFT_COMPILATION_MODE = wholemodule;
				VALIDATE_PRODUCT = YES;
			};
			name = Release;
		};
		0F2979522D7B66A5005DAD40 /* Debug */ = {
			isa = XCBuildConfiguration;
			buildSettings = {
				ASSETCATALOG_COMPILER_APPICON_NAME = AppIcon;
				ASSETCATALOG_COMPILER_GLOBAL_ACCENT_COLOR_NAME = AccentColor;
				CODE_SIGN_STYLE = Automatic;
				CURRENT_PROJECT_VERSION = 1;
				DEVELOPMENT_ASSET_PATHS = "\"FetchRecipeDemo/Preview Content\"";
				DEVELOPMENT_TEAM = 8ZWZASPE8Y;
				ENABLE_PREVIEWS = YES;
				GENERATE_INFOPLIST_FILE = YES;
				INFOPLIST_KEY_UIApplicationSceneManifest_Generation = YES;
				INFOPLIST_KEY_UIApplicationSupportsIndirectInputEvents = YES;
				INFOPLIST_KEY_UILaunchScreen_Generation = YES;
				INFOPLIST_KEY_UISupportedInterfaceOrientations_iPad = "UIInterfaceOrientationPortrait UIInterfaceOrientationPortraitUpsideDown UIInterfaceOrientationLandscapeLeft UIInterfaceOrientationLandscapeRight";
				INFOPLIST_KEY_UISupportedInterfaceOrientations_iPhone = "UIInterfaceOrientationPortrait UIInterfaceOrientationLandscapeLeft UIInterfaceOrientationLandscapeRight";
				LD_RUNPATH_SEARCH_PATHS = (
					"$(inherited)",
					"@executable_path/Frameworks",
				);
				MARKETING_VERSION = 1.0;
				PRODUCT_BUNDLE_IDENTIFIER = fetchDemo.FetchRecipeDemo;
				PRODUCT_NAME = "$(TARGET_NAME)";
				SWIFT_EMIT_LOC_STRINGS = YES;
				SWIFT_VERSION = 5.0;
				TARGETED_DEVICE_FAMILY = "1,2";
			};
			name = Debug;
		};
		0F2979532D7B66A5005DAD40 /* Release */ = {
			isa = XCBuildConfiguration;
			buildSettings = {
				ASSETCATALOG_COMPILER_APPICON_NAME = AppIcon;
				ASSETCATALOG_COMPILER_GLOBAL_ACCENT_COLOR_NAME = AccentColor;
				CODE_SIGN_STYLE = Automatic;
				CURRENT_PROJECT_VERSION = 1;
				DEVELOPMENT_ASSET_PATHS = "\"FetchRecipeDemo/Preview Content\"";
				DEVELOPMENT_TEAM = 8ZWZASPE8Y;
				ENABLE_PREVIEWS = YES;
				GENERATE_INFOPLIST_FILE = YES;
				INFOPLIST_KEY_UIApplicationSceneManifest_Generation = YES;
				INFOPLIST_KEY_UIApplicationSupportsIndirectInputEvents = YES;
				INFOPLIST_KEY_UILaunchScreen_Generation = YES;
				INFOPLIST_KEY_UISupportedInterfaceOrientations_iPad = "UIInterfaceOrientationPortrait UIInterfaceOrientationPortraitUpsideDown UIInterfaceOrientationLandscapeLeft UIInterfaceOrientationLandscapeRight";
				INFOPLIST_KEY_UISupportedInterfaceOrientations_iPhone = "UIInterfaceOrientationPortrait UIInterfaceOrientationLandscapeLeft UIInterfaceOrientationLandscapeRight";
				LD_RUNPATH_SEARCH_PATHS = (
					"$(inherited)",
					"@executable_path/Frameworks",
				);
				MARKETING_VERSION = 1.0;
				PRODUCT_BUNDLE_IDENTIFIER = fetchDemo.FetchRecipeDemo;
				PRODUCT_NAME = "$(TARGET_NAME)";
				SWIFT_EMIT_LOC_STRINGS = YES;
				SWIFT_VERSION = 5.0;
				TARGETED_DEVICE_FAMILY = "1,2";
			};
			name = Release;
		};
		0F2979552D7B66A5005DAD40 /* Debug */ = {
			isa = XCBuildConfiguration;
			buildSettings = {
				BUNDLE_LOADER = "$(TEST_HOST)";
				CODE_SIGN_STYLE = Automatic;
				CURRENT_PROJECT_VERSION = 1;
				DEVELOPMENT_TEAM = 8ZWZASPE8Y;
				GENERATE_INFOPLIST_FILE = YES;
				IPHONEOS_DEPLOYMENT_TARGET = 18.2;
				MARKETING_VERSION = 1.0;
				PRODUCT_BUNDLE_IDENTIFIER = fetchDemo.FetchRecipeDemoTests;
				PRODUCT_NAME = "$(TARGET_NAME)";
				SWIFT_EMIT_LOC_STRINGS = NO;
				SWIFT_VERSION = 5.0;
				TARGETED_DEVICE_FAMILY = "1,2";
				TEST_HOST = "$(BUILT_PRODUCTS_DIR)/FetchRecipeDemo.app/$(BUNDLE_EXECUTABLE_FOLDER_PATH)/FetchRecipeDemo";
			};
			name = Debug;
		};
		0F2979562D7B66A5005DAD40 /* Release */ = {
			isa = XCBuildConfiguration;
			buildSettings = {
				BUNDLE_LOADER = "$(TEST_HOST)";
				CODE_SIGN_STYLE = Automatic;
				CURRENT_PROJECT_VERSION = 1;
				DEVELOPMENT_TEAM = 8ZWZASPE8Y;
				GENERATE_INFOPLIST_FILE = YES;
				IPHONEOS_DEPLOYMENT_TARGET = 18.2;
				MARKETING_VERSION = 1.0;
				PRODUCT_BUNDLE_IDENTIFIER = fetchDemo.FetchRecipeDemoTests;
				PRODUCT_NAME = "$(TARGET_NAME)";
				SWIFT_EMIT_LOC_STRINGS = NO;
				SWIFT_VERSION = 5.0;
				TARGETED_DEVICE_FAMILY = "1,2";
				TEST_HOST = "$(BUILT_PRODUCTS_DIR)/FetchRecipeDemo.app/$(BUNDLE_EXECUTABLE_FOLDER_PATH)/FetchRecipeDemo";
			};
			name = Release;
		};
		0F2979582D7B66A5005DAD40 /* Debug */ = {
			isa = XCBuildConfiguration;
			buildSettings = {
				CODE_SIGN_STYLE = Automatic;
				CURRENT_PROJECT_VERSION = 1;
				DEVELOPMENT_TEAM = 8ZWZASPE8Y;
				GENERATE_INFOPLIST_FILE = YES;
				MARKETING_VERSION = 1.0;
				PRODUCT_BUNDLE_IDENTIFIER = fetchDemo.FetchRecipeDemoUITests;
				PRODUCT_NAME = "$(TARGET_NAME)";
				SWIFT_EMIT_LOC_STRINGS = NO;
				SWIFT_VERSION = 5.0;
				TARGETED_DEVICE_FAMILY = "1,2";
				TEST_TARGET_NAME = FetchRecipeDemo;
			};
			name = Debug;
		};
		0F2979592D7B66A5005DAD40 /* Release */ = {
			isa = XCBuildConfiguration;
			buildSettings = {
				CODE_SIGN_STYLE = Automatic;
				CURRENT_PROJECT_VERSION = 1;
				DEVELOPMENT_TEAM = 8ZWZASPE8Y;
				GENERATE_INFOPLIST_FILE = YES;
				MARKETING_VERSION = 1.0;
				PRODUCT_BUNDLE_IDENTIFIER = fetchDemo.FetchRecipeDemoUITests;
				PRODUCT_NAME = "$(TARGET_NAME)";
				SWIFT_EMIT_LOC_STRINGS = NO;
				SWIFT_VERSION = 5.0;
				TARGETED_DEVICE_FAMILY = "1,2";
				TEST_TARGET_NAME = FetchRecipeDemo;
			};
			name = Release;
		};
/* End XCBuildConfiguration section */

/* Begin XCConfigurationList section */
		0F2979282D7B66A4005DAD40 /* Build configuration list for PBXProject "FetchRecipeDemo" */ = {
			isa = XCConfigurationList;
			buildConfigurations = (
				0F29794F2D7B66A5005DAD40 /* Debug */,
				0F2979502D7B66A5005DAD40 /* Release */,
			);
			defaultConfigurationIsVisible = 0;
			defaultConfigurationName = Release;
		};
		0F2979512D7B66A5005DAD40 /* Build configuration list for PBXNativeTarget "FetchRecipeDemo" */ = {
			isa = XCConfigurationList;
			buildConfigurations = (
				0F2979522D7B66A5005DAD40 /* Debug */,
				0F2979532D7B66A5005DAD40 /* Release */,
			);
			defaultConfigurationIsVisible = 0;
			defaultConfigurationName = Release;
		};
		0F2979542D7B66A5005DAD40 /* Build configuration list for PBXNativeTarget "FetchRecipeDemoTests" */ = {
			isa = XCConfigurationList;
			buildConfigurations = (
				0F2979552D7B66A5005DAD40 /* Debug */,
				0F2979562D7B66A5005DAD40 /* Release */,
			);
			defaultConfigurationIsVisible = 0;
			defaultConfigurationName = Release;
		};
		0F2979572D7B66A5005DAD40 /* Build configuration list for PBXNativeTarget "FetchRecipeDemoUITests" */ = {
			isa = XCConfigurationList;
			buildConfigurations = (
				0F2979582D7B66A5005DAD40 /* Debug */,
				0F2979592D7B66A5005DAD40 /* Release */,
			);
			defaultConfigurationIsVisible = 0;
			defaultConfigurationName = Release;
		};
/* End XCConfigurationList section */
	};
	rootObject = 0F2979252D7B66A4005DAD40 /* Project object */;
}
